
Microsoft Visual Studio Solution File, Format Version 12.00
# Visual Studio Version 17
VisualStudioVersion = 17.11.35312.102
MinimumVisualStudioVersion = 10.0.40219.1
Project("{FAE04EC0-301F-11D3-BF4B-00C04F79EFBC}") = "PlantMart", "PlantMart\PlantMart.csproj", "{E21C7DDC-0F96-4ECD-A5FE-04B56137106B}"
EndProject
Global
	GlobalSection(SolutionConfigurationPlatforms) = preSolution
		Debug|Any CPU = Debug|Any CPU
		Release|Any CPU = Release|Any CPU
	EndGlobalSection
	GlobalSection(ProjectConfigurationPlatforms) = postSolution
		{E21C7DDC-0F96-4ECD-A5FE-04B56137106B}.Debug|Any CPU.ActiveCfg = Debug|Any CPU
		{E21C7DDC-0F96-4ECD-A5FE-04B56137106B}.Debug|Any CPU.Build.0 = Debug|Any CPU
		{E21C7DDC-0F96-4ECD-A5FE-04B56137106B}.Release|Any CPU.ActiveCfg = Release|Any CPU
		{E21C7DDC-0F96-4ECD-A5FE-04B56137106B}.Release|Any CPU.Build.0 = Release|Any CPU
	EndGlobalSection
	GlobalSection(SolutionProperties) = preSolution
		HideSolutionNode = FALSE
	EndGlobalSection
	GlobalSection(ExtensibilityGlobals) = postSolution
		SolutionGuid = {8F858DDD-3E96-4F2C-869E-0BA93DBD4C2A}
	EndGlobalSection
EndGlobal
